
Microsoft Visual Studio Solution File, Format Version 12.00
# Visual Studio 15
VisualStudioVersion = 15.0.28010.2036
MinimumVisualStudioVersion = 10.0.40219.1
Project("{FAE04EC0-301F-11D3-BF4B-00C04F79EFBC}") = "CrawlerPicture", "CrawlerPicture\CrawlerPicture.csproj", "{38004B60-10DB-463B-B77B-035FF5478469}"
EndProject
Project("{9A19103F-16F7-4668-BE54-9A1E7A4F7556}") = "CrawlerPicture_NetCore", "CrawlerPicture_NetCore\CrawlerPicture_NetCore.csproj", "{087E46BB-A4E1-4A3F-B3A3-16C20D9B71B7}"
EndProject
Project("{FAE04EC0-301F-11D3-BF4B-00C04F79EFBC}") = "CrawlerCore", "CrawlerCore\CrawlerCore.csproj", "{D69F1834-C571-406D-91E8-1C2701C43E8E}"
EndProject
Global
	GlobalSection(SolutionConfigurationPlatforms) = preSolution
		Debug|Any CPU = Debug|Any CPU
		Debug|x86 = Debug|x86
		Release|Any CPU = Release|Any CPU
		Release|x86 = Release|x86
	EndGlobalSection
	GlobalSection(ProjectConfigurationPlatforms) = postSolution
		{38004B60-10DB-463B-B77B-035FF5478469}.Debug|Any CPU.ActiveCfg = Debug|x86
		{38004B60-10DB-463B-B77B-035FF5478469}.Debug|x86.ActiveCfg = Debug|x86
		{38004B60-10DB-463B-B77B-035FF5478469}.Debug|x86.Build.0 = Debug|x86
		{38004B60-10DB-463B-B77B-035FF5478469}.Release|Any CPU.ActiveCfg = Release|x86
		{38004B60-10DB-463B-B77B-035FF5478469}.Release|x86.ActiveCfg = Release|x86
		{38004B60-10DB-463B-B77B-035FF5478469}.Release|x86.Build.0 = Release|x86
		{087E46BB-A4E1-4A3F-B3A3-16C20D9B71B7}.Debug|Any CPU.ActiveCfg = Debug|Any CPU
		{087E46BB-A4E1-4A3F-B3A3-16C20D9B71B7}.Debug|Any CPU.Build.0 = Debug|Any CPU
		{087E46BB-A4E1-4A3F-B3A3-16C20D9B71B7}.Debug|x86.ActiveCfg = Debug|Any CPU
		{087E46BB-A4E1-4A3F-B3A3-16C20D9B71B7}.Debug|x86.Build.0 = Debug|Any CPU
		{087E46BB-A4E1-4A3F-B3A3-16C20D9B71B7}.Release|Any CPU.ActiveCfg = Release|Any CPU
		{087E46BB-A4E1-4A3F-B3A3-16C20D9B71B7}.Release|Any CPU.Build.0 = Release|Any CPU
		{087E46BB-A4E1-4A3F-B3A3-16C20D9B71B7}.Release|x86.ActiveCfg = Release|Any CPU
		{087E46BB-A4E1-4A3F-B3A3-16C20D9B71B7}.Release|x86.Build.0 = Release|Any CPU
		{D69F1834-C571-406D-91E8-1C2701C43E8E}.Debug|Any CPU.ActiveCfg = Debug|Any CPU
		{D69F1834-C571-406D-91E8-1C2701C43E8E}.Debug|Any CPU.Build.0 = Debug|Any CPU
		{D69F1834-C571-406D-91E8-1C2701C43E8E}.Debug|x86.ActiveCfg = Debug|Any CPU
		{D69F1834-C571-406D-91E8-1C2701C43E8E}.Debug|x86.Build.0 = Debug|Any CPU
		{D69F1834-C571-406D-91E8-1C2701C43E8E}.Release|Any CPU.ActiveCfg = Release|Any CPU
		{D69F1834-C571-406D-91E8-1C2701C43E8E}.Release|Any CPU.Build.0 = Release|Any CPU
		{D69F1834-C571-406D-91E8-1C2701C43E8E}.Release|x86.ActiveCfg = Release|Any CPU
		{D69F1834-C571-406D-91E8-1C2701C43E8E}.Release|x86.Build.0 = Release|Any CPU
	EndGlobalSection
	GlobalSection(SolutionProperties) = preSolution
		HideSolutionNode = FALSE
	EndGlobalSection
	GlobalSection(ExtensibilityGlobals) = postSolution
		SolutionGuid = {F2DEC8E1-D9D3-48DD-B962-8FBCE3152B2A}
	EndGlobalSection
EndGlobal
